
Microsoft Visual Studio Solution File, Format Version 11.00
# Visual Studio 2010
Project("{FAE04EC0-301F-11D3-BF4B-00C04F79EFBC}") = "小区物业管理系统", "小区物业管理系统.csproj", "{69166FC5-6690-42E9-8583-19DA4815D4C6}"
EndProject
Global
	GlobalSection(SolutionConfigurationPlatforms) = preSolution
		Debug|Any CPU = Debug|Any CPU
		Release|Any CPU = Release|Any CPU
	EndGlobalSection
	GlobalSection(ProjectConfigurationPlatforms) = postSolution
		{69166FC5-6690-42E9-8583-19DA4815D4C6}.Debug|Any CPU.ActiveCfg = Debug|Any CPU
		{69166FC5-6690-42E9-8583-19DA4815D4C6}.Debug|Any CPU.Build.0 = Debug|Any CPU
		{69166FC5-6690-42E9-8583-19DA4815D4C6}.Release|Any CPU.ActiveCfg = Release|Any CPU
		{69166FC5-6690-42E9-8583-19DA4815D4C6}.Release|Any CPU.Build.0 = Release|Any CPU
	EndGlobalSection
	GlobalSection(SolutionProperties) = preSolution
		HideSolutionNode = FALSE
	EndGlobalSection
EndGlobal
